
Microsoft Visual Studio Solution File, Format Version 12.00
# Visual Studio Version 16
VisualStudioVersion = 16.0.31321.278
MinimumVisualStudioVersion = 10.0.40219.1
Project("{9A19103F-16F7-4668-BE54-9A1E7A4F7556}") = "BlazorComponent", "BlazorComponent\BlazorComponent.csproj", "{18215B35-CB5E-4051-8CBA-9BD28C5FF4BC}"
EndProject
Global
	GlobalSection(SolutionConfigurationPlatforms) = preSolution
		Debug|Any CPU = Debug|Any CPU
		Release|Any CPU = Release|Any CPU
	EndGlobalSection
	GlobalSection(ProjectConfigurationPlatforms) = postSolution
		{18215B35-CB5E-4051-8CBA-9BD28C5FF4BC}.Debug|Any CPU.ActiveCfg = Debug|Any CPU
		{18215B35-CB5E-4051-8CBA-9BD28C5FF4BC}.Debug|Any CPU.Build.0 = Debug|Any CPU
		{18215B35-CB5E-4051-8CBA-9BD28C5FF4BC}.Release|Any CPU.ActiveCfg = Release|Any CPU
		{18215B35-CB5E-4051-8CBA-9BD28C5FF4BC}.Release|Any CPU.Build.0 = Release|Any CPU
	EndGlobalSection
	GlobalSection(SolutionProperties) = preSolution
		HideSolutionNode = FALSE
	EndGlobalSection
	GlobalSection(ExtensibilityGlobals) = postSolution
		SolutionGuid = {DABEC95C-1CB1-4992-A9B0-03823CC158DB}
	EndGlobalSection
EndGlobal
